
Microsoft Visual Studio Solution File, Format Version 12.00
# Visual Studio 15
VisualStudioVersion = 15.0.28307.271
MinimumVisualStudioVersion = 10.0.40219.1
Project("{FAE04EC0-301F-11D3-BF4B-00C04F79EFBC}") = "Day10Tasks", "Day10Tasks\Day10Tasks.csproj", "{FE72A871-3B3F-4AB7-9144-8E5DC4920156}"
EndProject
Project("{FAE04EC0-301F-11D3-BF4B-00C04F79EFBC}") = "BookService", "BookService\BookService.csproj", "{A549D47D-D8A2-4AAD-BD09-DA47AF802226}"
EndProject
Project("{9A19103F-16F7-4668-BE54-9A1E7A4F7556}") = "BookServiceTests", "BookServiceTests\BookServiceTests.csproj", "{57BE6B73-D621-4A97-9AEA-1F238F7F1C62}"
EndProject
Project("{FAE04EC0-301F-11D3-BF4B-00C04F79EFBC}") = "EuclidianGCD", "EuclidianGCD\EuclidianGCD.csproj", "{E362B4BB-3C1D-43C6-9E79-BC92C12CCEFB}"
EndProject
Project("{FAE04EC0-301F-11D3-BF4B-00C04F79EFBC}") = "JaggedArraySort", "JaggedArraySort\JaggedArraySort.csproj", "{F9D82FB8-7D31-4BA4-9F9C-C25CE0A01A0A}"
EndProject
Project("{FAE04EC0-301F-11D3-BF4B-00C04F79EFBC}") = "JaggedArraySortTests", "JaggedArraySortTests\JaggedArraySortTests.csproj", "{DC25A30B-0CF3-43BC-9EB4-5E769AD16ED5}"
EndProject
Global
	GlobalSection(SolutionConfigurationPlatforms) = preSolution
		Debug|Any CPU = Debug|Any CPU
		Release|Any CPU = Release|Any CPU
	EndGlobalSection
	GlobalSection(ProjectConfigurationPlatforms) = postSolution
		{FE72A871-3B3F-4AB7-9144-8E5DC4920156}.Debug|Any CPU.ActiveCfg = Debug|Any CPU
		{FE72A871-3B3F-4AB7-9144-8E5DC4920156}.Debug|Any CPU.Build.0 = Debug|Any CPU
		{FE72A871-3B3F-4AB7-9144-8E5DC4920156}.Release|Any CPU.ActiveCfg = Release|Any CPU
		{FE72A871-3B3F-4AB7-9144-8E5DC4920156}.Release|Any CPU.Build.0 = Release|Any CPU
		{A549D47D-D8A2-4AAD-BD09-DA47AF802226}.Debug|Any CPU.ActiveCfg = Debug|Any CPU
		{A549D47D-D8A2-4AAD-BD09-DA47AF802226}.Debug|Any CPU.Build.0 = Debug|Any CPU
		{A549D47D-D8A2-4AAD-BD09-DA47AF802226}.Release|Any CPU.ActiveCfg = Release|Any CPU
		{A549D47D-D8A2-4AAD-BD09-DA47AF802226}.Release|Any CPU.Build.0 = Release|Any CPU
		{57BE6B73-D621-4A97-9AEA-1F238F7F1C62}.Debug|Any CPU.ActiveCfg = Debug|Any CPU
		{57BE6B73-D621-4A97-9AEA-1F238F7F1C62}.Debug|Any CPU.Build.0 = Debug|Any CPU
		{57BE6B73-D621-4A97-9AEA-1F238F7F1C62}.Release|Any CPU.ActiveCfg = Release|Any CPU
		{57BE6B73-D621-4A97-9AEA-1F238F7F1C62}.Release|Any CPU.Build.0 = Release|Any CPU
		{E362B4BB-3C1D-43C6-9E79-BC92C12CCEFB}.Debug|Any CPU.ActiveCfg = Debug|Any CPU
		{E362B4BB-3C1D-43C6-9E79-BC92C12CCEFB}.Debug|Any CPU.Build.0 = Debug|Any CPU
		{E362B4BB-3C1D-43C6-9E79-BC92C12CCEFB}.Release|Any CPU.ActiveCfg = Release|Any CPU
		{E362B4BB-3C1D-43C6-9E79-BC92C12CCEFB}.Release|Any CPU.Build.0 = Release|Any CPU
		{F9D82FB8-7D31-4BA4-9F9C-C25CE0A01A0A}.Debug|Any CPU.ActiveCfg = Debug|Any CPU
		{F9D82FB8-7D31-4BA4-9F9C-C25CE0A01A0A}.Debug|Any CPU.Build.0 = Debug|Any CPU
		{F9D82FB8-7D31-4BA4-9F9C-C25CE0A01A0A}.Release|Any CPU.ActiveCfg = Release|Any CPU
		{F9D82FB8-7D31-4BA4-9F9C-C25CE0A01A0A}.Release|Any CPU.Build.0 = Release|Any CPU
		{DC25A30B-0CF3-43BC-9EB4-5E769AD16ED5}.Debug|Any CPU.ActiveCfg = Debug|Any CPU
		{DC25A30B-0CF3-43BC-9EB4-5E769AD16ED5}.Debug|Any CPU.Build.0 = Debug|Any CPU
		{DC25A30B-0CF3-43BC-9EB4-5E769AD16ED5}.Release|Any CPU.ActiveCfg = Release|Any CPU
		{DC25A30B-0CF3-43BC-9EB4-5E769AD16ED5}.Release|Any CPU.Build.0 = Release|Any CPU
	EndGlobalSection
	GlobalSection(SolutionProperties) = preSolution
		HideSolutionNode = FALSE
	EndGlobalSection
	GlobalSection(ExtensibilityGlobals) = postSolution
		SolutionGuid = {95EB880D-63E5-4D84-95B0-0DB949902CE6}
	EndGlobalSection
EndGlobal
